
Microsoft Visual Studio Solution File, Format Version 12.00
# Visual Studio Version 16
VisualStudioVersion = 16.0.33529.622
MinimumVisualStudioVersion = 10.0.40219.1
Project("{FAE04EC0-301F-11D3-BF4B-00C04F79EFBC}") = "Webapi", "Webapi\Webapi.csproj", "{E8C3F1DB-8E76-427E-8882-CA3354EF1DEE}"
EndProject
Project("{FAE04EC0-301F-11D3-BF4B-00C04F79EFBC}") = "MVC", "MVC\MVC.csproj", "{B6AED01C-189C-4753-8E91-2065BC777C70}"
EndProject
Global
	GlobalSection(SolutionConfigurationPlatforms) = preSolution
		Debug|Any CPU = Debug|Any CPU
		Release|Any CPU = Release|Any CPU
	EndGlobalSection
	GlobalSection(ProjectConfigurationPlatforms) = postSolution
		{E8C3F1DB-8E76-427E-8882-CA3354EF1DEE}.Debug|Any CPU.ActiveCfg = Debug|Any CPU
		{E8C3F1DB-8E76-427E-8882-CA3354EF1DEE}.Debug|Any CPU.Build.0 = Debug|Any CPU
		{E8C3F1DB-8E76-427E-8882-CA3354EF1DEE}.Release|Any CPU.ActiveCfg = Release|Any CPU
		{E8C3F1DB-8E76-427E-8882-CA3354EF1DEE}.Release|Any CPU.Build.0 = Release|Any CPU
		{B6AED01C-189C-4753-8E91-2065BC777C70}.Debug|Any CPU.ActiveCfg = Debug|Any CPU
		{B6AED01C-189C-4753-8E91-2065BC777C70}.Debug|Any CPU.Build.0 = Debug|Any CPU
		{B6AED01C-189C-4753-8E91-2065BC777C70}.Release|Any CPU.ActiveCfg = Release|Any CPU
		{B6AED01C-189C-4753-8E91-2065BC777C70}.Release|Any CPU.Build.0 = Release|Any CPU
	EndGlobalSection
	GlobalSection(SolutionProperties) = preSolution
		HideSolutionNode = FALSE
	EndGlobalSection
	GlobalSection(ExtensibilityGlobals) = postSolution
		SolutionGuid = {CB025DD9-DDB6-4BB4-BE34-FA33F887C4AA}
	EndGlobalSection
EndGlobal
